
Microsoft Visual Studio Solution File, Format Version 12.00
# Visual Studio Version 16
VisualStudioVersion = 16.0.29613.14
MinimumVisualStudioVersion = 10.0.40219.1
Project("{FAE04EC0-301F-11D3-BF4B-00C04F79EFBC}") = "BMS First Try", "BMS First Try\BMS First Try.csproj", "{54914470-7E6D-4544-9D68-C952755EF491}"
EndProject
Global
	GlobalSection(SolutionConfigurationPlatforms) = preSolution
		Debug|Any CPU = Debug|Any CPU
		Release|Any CPU = Release|Any CPU
	EndGlobalSection
	GlobalSection(ProjectConfigurationPlatforms) = postSolution
		{54914470-7E6D-4544-9D68-C952755EF491}.Debug|Any CPU.ActiveCfg = Debug|Any CPU
		{54914470-7E6D-4544-9D68-C952755EF491}.Debug|Any CPU.Build.0 = Debug|Any CPU
		{54914470-7E6D-4544-9D68-C952755EF491}.Release|Any CPU.ActiveCfg = Release|Any CPU
		{54914470-7E6D-4544-9D68-C952755EF491}.Release|Any CPU.Build.0 = Release|Any CPU
	EndGlobalSection
	GlobalSection(SolutionProperties) = preSolution
		HideSolutionNode = FALSE
	EndGlobalSection
	GlobalSection(ExtensibilityGlobals) = postSolution
		SolutionGuid = {16020330-007E-41FC-910A-AD441102FD7E}
	EndGlobalSection
EndGlobal
