
Microsoft Visual Studio Solution File, Format Version 12.00
# Visual Studio 15
VisualStudioVersion = 15.0.28307.960
MinimumVisualStudioVersion = 10.0.40219.1
Project("{FAE04EC0-301F-11D3-BF4B-00C04F79EFBC}") = "qmmqmqmq", "qmmqmqmq\qmmqmqmq.csproj", "{D944025A-3E08-45A5-ADC8-2C3FE434750F}"
EndProject
Global
	GlobalSection(SolutionConfigurationPlatforms) = preSolution
		Debug|Any CPU = Debug|Any CPU
		Release|Any CPU = Release|Any CPU
	EndGlobalSection
	GlobalSection(ProjectConfigurationPlatforms) = postSolution
		{D944025A-3E08-45A5-ADC8-2C3FE434750F}.Debug|Any CPU.ActiveCfg = Debug|Any CPU
		{D944025A-3E08-45A5-ADC8-2C3FE434750F}.Debug|Any CPU.Build.0 = Debug|Any CPU
		{D944025A-3E08-45A5-ADC8-2C3FE434750F}.Release|Any CPU.ActiveCfg = Release|Any CPU
		{D944025A-3E08-45A5-ADC8-2C3FE434750F}.Release|Any CPU.Build.0 = Release|Any CPU
	EndGlobalSection
	GlobalSection(SolutionProperties) = preSolution
		HideSolutionNode = FALSE
	EndGlobalSection
	GlobalSection(ExtensibilityGlobals) = postSolution
		SolutionGuid = {73B180F0-9A30-429F-8968-B24332A56DF7}
	EndGlobalSection
EndGlobal
